schema: '2.0'
stages:
  download_data:
    cmd: python3 components/data_processor/download_data.py
    deps:
    - path: components/data_processor
      md5: 2033a9d63e1e09733b09ec03448474fb.dir
      size: 28338
      nfiles: 5
    params:
      params.yaml:
        data_processing:
          data_dir: ./data
          representation: roll
          sample_len: 256
          cutting_step: 256
          rows: 8
    outs:
    - path: data/nesmdb24_seprsco_united
      md5: ad398e029126136d3f626f36f76fedb5.dir
      size: 35449418
      nfiles: 5278
  prepare_training_data:
    cmd: python3 components/data_processor/prepare_training_data.py
    deps:
    - path: components/data_processor
      md5: 2033a9d63e1e09733b09ec03448474fb.dir
      size: 28338
      nfiles: 5
    - path: data/nesmdb24_seprsco_united
      md5: ad398e029126136d3f626f36f76fedb5.dir
      size: 35449418
      nfiles: 5278
    params:
      params.yaml:
        data_processing:
          data_dir: ./data
          representation: roll
          sample_len: 256
          cutting_step: 256
          rows: 8
    outs:
    - path: data/training
      md5: 205ca1568b1301c9d4dc1421ddf2f743.dir
      size: 30017116
      nfiles: 6890
